# This file is generated by running "yarn install" inside your project.
# Manual changes might be lost - proceed with caution!

__metadata:
  version: 6
  cacheKey: 8

"@mhal007/monorepo-yarn-application-1@workspace:applications/application-1":
  version: 0.0.0-use.local
  resolution: "@mhal007/monorepo-yarn-application-1@workspace:applications/application-1"
  dependencies:
    "@mhal007/monorepo-yarn-library-1": 0.0.1
  languageName: unknown
  linkType: soft

"@mhal007/monorepo-yarn-application-2@workspace:applications/application-2":
  version: 0.0.0-use.local
  resolution: "@mhal007/monorepo-yarn-application-2@workspace:applications/application-2"
  dependencies:
    "@mhal007/monorepo-yarn-library-1": 0.0.1
    "@mhal007/monorepo-yarn-library-2": 0.0.1
  languageName: unknown
  linkType: soft

"@mhal007/monorepo-yarn-application-3@workspace:applications/application-3":
  version: 0.0.0-use.local
  resolution: "@mhal007/monorepo-yarn-application-3@workspace:applications/application-3"
  dependencies:
    "@mhal007/monorepo-yarn-library-1": 0.0.1
    "@mhal007/monorepo-yarn-library-2": 0.0.1
    "@mhal007/monorepo-yarn-library-3": 0.0.1
  languageName: unknown
  linkType: soft

"@mhal007/monorepo-yarn-library-1@0.0.1, @mhal007/monorepo-yarn-library-1@workspace:libraries/library-1":
  version: 0.0.0-use.local
  resolution: "@mhal007/monorepo-yarn-library-1@workspace:libraries/library-1"
  dependencies:
    "@mhal007/monorepo-yarn-library-helper": 0.0.1
  languageName: unknown
  linkType: soft

"@mhal007/monorepo-yarn-library-2@0.0.1, @mhal007/monorepo-yarn-library-2@workspace:libraries/library-2":
  version: 0.0.0-use.local
  resolution: "@mhal007/monorepo-yarn-library-2@workspace:libraries/library-2"
  dependencies:
    "@mhal007/monorepo-yarn-library-helper": 0.0.1
  languageName: unknown
  linkType: soft

"@mhal007/monorepo-yarn-library-3@0.0.1, @mhal007/monorepo-yarn-library-3@workspace:libraries/library-3":
  version: 0.0.0-use.local
  resolution: "@mhal007/monorepo-yarn-library-3@workspace:libraries/library-3"
  dependencies:
    "@mhal007/monorepo-yarn-library-helper": 0.0.1
  languageName: unknown
  linkType: soft

"@mhal007/monorepo-yarn-library-helper@0.0.1, @mhal007/monorepo-yarn-library-helper@workspace:libraries/library-helper":
  version: 0.0.0-use.local
  resolution: "@mhal007/monorepo-yarn-library-helper@workspace:libraries/library-helper"
  languageName: unknown
  linkType: soft

"@mhal007/monorepo-yarn@workspace:.":
  version: 0.0.0-use.local
  resolution: "@mhal007/monorepo-yarn@workspace:."
  dependencies:
    husky: 8.0.1
  languageName: unknown
  linkType: soft

"husky@npm:8.0.1":
  version: 8.0.1
  resolution: "husky@npm:8.0.1"
  bin:
    husky: lib/bin.js
  checksum: 943a73a13d0201318fd30e83d299bb81d866bd245b69e6277804c3b462638dc1921694cb94c2b8c920a4a187060f7d6058d3365152865406352e934c5fff70dc
  languageName: node
  linkType: hard
